{
  "version": 4,
  "terraform_version": "1.1.9",
  "serial": 3,
  "lineage": "def37b02-da92-dc03-3c4b-608da86e2e79",
  "outputs": {},
  "resources": [
    {
      "mode": "managed",
      "type": "helm_release",
      "name": "init",
      "provider": "provider[\"registry.terraform.io/hashicorp/helm\"]",
      "instances": [
        {
          "schema_version": 0,
          "attributes": {
            "atomic": false,
            "chart": "raw",
            "cleanup_on_fail": false,
            "create_namespace": false,
            "dependency_update": false,
            "description": null,
            "devel": null,
            "disable_crd_hooks": false,
            "disable_openapi_validation": false,
            "disable_webhooks": false,
            "force_update": false,
            "id": "plug-init",
            "keyring": null,
            "lint": false,
            "manifest": null,
            "max_history": 0,
            "metadata": [
              {
                "app_version": "",
                "chart": "raw",
                "name": "plug-init",
                "namespace": "argocd",
                "revision": 1,
                "values": "{\"resources\":[{\"apiVersion\":\"argoproj.io/v1alpha1\",\"kind\":\"Application\",\"metadata\":{\"name\":\"plug-init\"},\"spec\":{\"destination\":{\"namespace\":\"argocd\",\"server\":\"https://kubernetes.default.svc\"},\"project\":\"default\",\"source\":{\"path\":\"argocd/plug-example/apps-init\",\"repoURL\":\"https://github.com/binbashar/le-demo-apps\",\"targetRevision\":\"argocd\"}}}]}",
                "version": "v0.1.0"
              }
            ],
            "name": "plug-init",
            "namespace": "argocd",
            "pass_credentials": false,
            "postrender": [],
            "recreate_pods": false,
            "render_subchart_notes": true,
            "replace": false,
            "repository": "https://binbashar.github.io/helm-charts/",
            "repository_ca_file": null,
            "repository_cert_file": null,
            "repository_key_file": null,
            "repository_password": null,
            "repository_username": null,
            "reset_values": false,
            "reuse_values": false,
            "set": [],
            "set_sensitive": [],
            "skip_crds": false,
            "status": "deployed",
            "timeout": 300,
            "values": [
              "resources:\n- apiVersion: argoproj.io/v1alpha1\n  kind: Application\n  metadata:\n    name: plug-init\n  spec:\n    destination:\n      namespace: argocd\n      server: https://kubernetes.default.svc\n    source:\n      path: argocd/plug-example/apps-init\n      repoURL: https://github.com/binbashar/le-demo-apps\n      targetRevision: argocd\n    project: default\n"
            ],
            "verify": false,
            "version": "v0.1.0",
            "wait": true,
            "wait_for_jobs": false
          },
          "sensitive_attributes": [],
          "private": "bnVsbA=="
        }
      ]
    },
    {
      "mode": "managed",
      "type": "helm_release",
      "name": "plug_root",
      "provider": "provider[\"registry.terraform.io/hashicorp/helm\"]",
      "instances": [
        {
          "schema_version": 0,
          "attributes": {
            "atomic": false,
            "chart": "raw",
            "cleanup_on_fail": false,
            "create_namespace": false,
            "dependency_update": false,
            "description": null,
            "devel": null,
            "disable_crd_hooks": false,
            "disable_openapi_validation": false,
            "disable_webhooks": false,
            "force_update": false,
            "id": "plug-root",
            "keyring": null,
            "lint": false,
            "manifest": null,
            "max_history": 0,
            "metadata": [
              {
                "app_version": "",
                "chart": "raw",
                "name": "plug-root",
                "namespace": "argocd",
                "revision": 1,
                "values": "{\"resources\":[{\"apiVersion\":\"argoproj.io/v1alpha1\",\"kind\":\"Application\",\"metadata\":{\"name\":\"plug-root\"},\"spec\":{\"destination\":{\"namespace\":\"plug\",\"server\":\"https://kubernetes.default.svc\"},\"project\":\"plug\",\"source\":{\"path\":\"argocd/plug-example/apps\",\"repoURL\":\"https://github.com/binbashar/le-demo-apps\",\"targetRevision\":\"argocd\"}}}]}",
                "version": "v0.1.0"
              }
            ],
            "name": "plug-root",
            "namespace": "argocd",
            "pass_credentials": false,
            "postrender": [],
            "recreate_pods": false,
            "render_subchart_notes": true,
            "replace": false,
            "repository": "https://binbashar.github.io/helm-charts/",
            "repository_ca_file": null,
            "repository_cert_file": null,
            "repository_key_file": null,
            "repository_password": null,
            "repository_username": null,
            "reset_values": false,
            "reuse_values": false,
            "set": [],
            "set_sensitive": [],
            "skip_crds": false,
            "status": "deployed",
            "timeout": 300,
            "values": [
              "resources:\n- apiVersion: argoproj.io/v1alpha1\n  kind: Application\n  metadata:\n    name: plug-root\n  spec:\n    destination:\n      namespace: plug\n      server: https://kubernetes.default.svc\n    source:\n      path: argocd/plug-example/apps\n      repoURL: https://github.com/binbashar/le-demo-apps\n      targetRevision: argocd\n    project: plug\n"
            ],
            "verify": false,
            "version": "v0.1.0",
            "wait": true,
            "wait_for_jobs": false
          },
          "sensitive_attributes": [],
          "private": "bnVsbA=="
        }
      ]
    }
  ]
}
